speakeasyVersion: 1.576.1
sources:
    Mollie API:
        sourceNamespace: mollie-api
        sourceRevisionDigest: sha256:da92a711b534092f4866e196d373deb55262bb89a64a548beabc6b40a61ab580
        sourceBlobDigest: sha256:d6a623a9a6db31fee71c3ed18261b763e45926e23b6e4873dc094004118a2cef
        tags:
            - latest
            - speakeasy-sdk-regen-1751934396
            - 1.0.0
targets:
    client:
        source: Mollie API
        sourceNamespace: mollie-api
        sourceRevisionDigest: sha256:da92a711b534092f4866e196d373deb55262bb89a64a548beabc6b40a61ab580
        sourceBlobDigest: sha256:d6a623a9a6db31fee71c3ed18261b763e45926e23b6e4873dc094004118a2cef
        codeSamplesNamespace: mollie-api-python-code-samples
        codeSamplesRevisionDigest: sha256:fb5c8e0586fea2bcd83b2f89e1833bb4ae1f458b5ba587c358d154e68d925052
workflow:
    workflowVersion: 1.0.0
    speakeasyVersion: latest
    sources:
        Mollie API:
            inputs:
                - location: https://raw.githubusercontent.com/mollie/openapi-specs/main/specs.yaml
                  authHeader: Authorization
                  authSecret: $openapi_doc_auth_token
            registry:
                location: registry.speakeasyapi.dev/mollie-oom/mollie/mollie-api
    targets:
        client:
            target: python
            source: Mollie API
            publish:
                pypi:
                    token: $pypi_token
            codeSamples:
                registry:
                    location: registry.speakeasyapi.dev/mollie-oom/mollie/mollie-api-python-code-samples
                labelOverride:
                    fixedValue: Python (SDK)
                blocking: false
