speakeasyVersion: 1.621.0
sources:
    Mollie API:
        sourceNamespace: mollie-api
        sourceRevisionDigest: sha256:2ca153c70b530b56fbacfc4f825605075a9d22fbf096d02eb1562c91937d721e
        sourceBlobDigest: sha256:e23b2a55e5ebcebae69f936b763e4545d0020740d093b048da50da7b42ee06c8
        tags:
            - latest
            - speakeasy-sdk-regen-1758292273
            - 1.0.0
targets:
    client:
        source: Mollie API
        sourceNamespace: mollie-api
        sourceRevisionDigest: sha256:2ca153c70b530b56fbacfc4f825605075a9d22fbf096d02eb1562c91937d721e
        sourceBlobDigest: sha256:e23b2a55e5ebcebae69f936b763e4545d0020740d093b048da50da7b42ee06c8
        codeSamplesNamespace: mollie-api-python-code-samples
        codeSamplesRevisionDigest: sha256:580d2e1b96d2da93d7947030cd24f325f61417395f0baa82da49b43f69100ea7
workflow:
    workflowVersion: 1.0.0
    speakeasyVersion: latest
    sources:
        Mollie API:
            inputs:
                - location: https://raw.githubusercontent.com/mollie/openapi-specs/main/specs.yaml
            registry:
                location: registry.speakeasyapi.dev/mollie-oom/mollie/mollie-api
    targets:
        client:
            target: python
            source: Mollie API
            publish:
                pypi:
                    token: $pypi_token
            codeSamples:
                registry:
                    location: registry.speakeasyapi.dev/mollie-oom/mollie/mollie-api-python-code-samples
                labelOverride:
                    fixedValue: Python (SDK)
                blocking: false
