speakeasyVersion: 1.605.5
sources:
    Mollie API:
        sourceNamespace: mollie-api
        sourceRevisionDigest: sha256:489d3f993d4dd3a23641a01e57c1a0022856d26f32b6dda454306d81b4323396
        sourceBlobDigest: sha256:bc66ec09b6c7ec3823d277a397da9cbef8fe2d1f388c9b63c73facbc14e4c8c7
        tags:
            - latest
            - speakeasy-sdk-regen-1755535500
            - 1.0.0
targets:
    client:
        source: Mollie API
        sourceNamespace: mollie-api
        sourceRevisionDigest: sha256:489d3f993d4dd3a23641a01e57c1a0022856d26f32b6dda454306d81b4323396
        sourceBlobDigest: sha256:bc66ec09b6c7ec3823d277a397da9cbef8fe2d1f388c9b63c73facbc14e4c8c7
        codeSamplesNamespace: mollie-api-python-code-samples
        codeSamplesRevisionDigest: sha256:ceed125a23e90d514c268d642408144586e5a5d1d18e3986d2a86e1269957cfb
workflow:
    workflowVersion: 1.0.0
    speakeasyVersion: latest
    sources:
        Mollie API:
            inputs:
                - location: https://raw.githubusercontent.com/mollie/openapi-specs/main/specs.yaml
            registry:
                location: registry.speakeasyapi.dev/mollie-oom/mollie/mollie-api
    targets:
        client:
            target: python
            source: Mollie API
            publish:
                pypi:
                    token: $pypi_token
            codeSamples:
                registry:
                    location: registry.speakeasyapi.dev/mollie-oom/mollie/mollie-api-python-code-samples
                labelOverride:
                    fixedValue: Python (SDK)
                blocking: false
